
Microsoft Visual Studio Solution File, Format Version 12.00
# Visual Studio Version 16
VisualStudioVersion = 16.0.30114.105
MinimumVisualStudioVersion = 10.0.40219.1
Project("{FAE04EC0-301F-11D3-BF4B-00C04F79EFBC}") = "MemberSystemMk", "MemberSystemMk\MemberSystemMk.csproj", "{A95A54CE-A6F3-4F96-A504-1C4A5AA85B6D}"
EndProject
Project("{9A19103F-16F7-4668-BE54-9A1E7A4F7556}") = "XHT.Core.AssociateDb", "XHT.Core.AssociateDb\XHT.Core.AssociateDb.csproj", "{79460B1B-D311-4F22-8B49-8B78264A7EA4}"
EndProject
Global
	GlobalSection(SolutionConfigurationPlatforms) = preSolution
		Debug|Any CPU = Debug|Any CPU
		Release|Any CPU = Release|Any CPU
	EndGlobalSection
	GlobalSection(ProjectConfigurationPlatforms) = postSolution
		{A95A54CE-A6F3-4F96-A504-1C4A5AA85B6D}.Debug|Any CPU.ActiveCfg = Debug|Any CPU
		{A95A54CE-A6F3-4F96-A504-1C4A5AA85B6D}.Debug|Any CPU.Build.0 = Debug|Any CPU
		{A95A54CE-A6F3-4F96-A504-1C4A5AA85B6D}.Release|Any CPU.ActiveCfg = Release|Any CPU
		{A95A54CE-A6F3-4F96-A504-1C4A5AA85B6D}.Release|Any CPU.Build.0 = Release|Any CPU
		{79460B1B-D311-4F22-8B49-8B78264A7EA4}.Debug|Any CPU.ActiveCfg = Debug|Any CPU
		{79460B1B-D311-4F22-8B49-8B78264A7EA4}.Debug|Any CPU.Build.0 = Debug|Any CPU
		{79460B1B-D311-4F22-8B49-8B78264A7EA4}.Release|Any CPU.ActiveCfg = Release|Any CPU
		{79460B1B-D311-4F22-8B49-8B78264A7EA4}.Release|Any CPU.Build.0 = Release|Any CPU
	EndGlobalSection
	GlobalSection(SolutionProperties) = preSolution
		HideSolutionNode = FALSE
	EndGlobalSection
	GlobalSection(ExtensibilityGlobals) = postSolution
		SolutionGuid = {94CADF41-7F38-4D69-94D3-55C655F7BFD2}
	EndGlobalSection
EndGlobal
